github.com/chzyer/logex v1.1.10/go.mod h1:+Ywpsq7O8HXn0nuIou7OrIPyXbp3wmkHB+jjWRnGsAI=
github.com/chzyer/readline v0.0.0-20180603132655-2972be24d48e/go.mod h1:nSuG5e5PlCu98SY8svDHJxuZscDgtXS6KTTbou5AhLI=
github.com/chzyer/test v0.0.0-20180213035817-a1ea475d72b1/go.mod h1:Q3SI9o4m/ZMnBNeIyt5eFwwo7qiLfzFZmjNmxjkiQlU=
github.com/davecgh/go-spew v1.1.0/go.mod h1:J7Y8YcW2NihsgmVo/mv3lAwl/skON4iLHjSsI+c5H38=
github.com/davecgh/go-spew v1.1.1 h1:vj9j/u1bqnvCEfJOwUhtlOARqs3+rkHYY13jYWTU97c=
github.com/davecgh/go-spew v1.1.1/go.mod h1:J7Y8YcW2NihsgmVo/mv3lAwl/skON4iLHjSsI+c5H38=
github.com/fsnotify/fsnotify v1.7.0 h1:8JEhPFa5W2WU7YfeZzPNqzMP6Lwt7L2715Ggo0nosvA=
github.com/fsnotify/fsnotify v1.7.0/go.mod h1:40Bi/Hjc2AVfZrqy+aj+yEI+/bRxZnMJyTJwOpGvigM=
github.com/go-logr/logr v1.2.4 h1:g01GSCwiDw2xSZfjJ2/T9M+S6pFdcNtFYsp+Y43HYDQ=
github.com/go-logr/logr v1.2.4/go.mod h1:jdQByPbusPIv2/zmleS9BjJVeZ6kBagPoEUsqbVz/1A=
github.com/go-ole/go-ole v1.3.0 h1:Dt6ye7+vXGIKZ7Xtk4s6/xVdGDQynvom7xCFEdWr6uE=
github.com/go-ole/go-ole v1.3.0/go.mod h1:5LS6F96DhAwUc7C+1HLexzMXY1xGRSryjyPPKW6zv78=
github.com/go-task/slim-sprig v0.0.0-20230315185526-52ccab3ef572 h1:tfuBGBXKqDEevZMzYi5KSi8KkcZtzBcTgAUUtapy0OI=
github.com/go-task/slim-sprig v0.0.0-20230315185526-52ccab3ef572/go.mod h1:9Pwr4B2jHnOSGXyyzV8ROjYa2ojvAY6HCGYYfMoC3Ls=
github.com/golang/protobuf v1.5.3 h1:KhyjKVUg7Usr/dYsdSqoFveMYd5ko72D+zANwlG1mmg=
github.com/golang/protobuf v1.5.3/go.mod h1:XVQd3VNwM+JqD3oG2Ue2ip4fOMUkwXdXDdiuN0vRsmY=
github.com/google/btree v1.1.2 h1:xf4v41cLI2Z6FxbKm+8Bu+m8ifhj15JuZ9sa0jZCMUU=
github.com/google/btree v1.1.2/go.mod h1:qOPhT0dTNdNzV6Z/lhRX0YXUafgPLFUh+gZMl761Gm4=
github.com/google/go-cmp v0.5.9 h1:O2Tfq5qg4qc4AmwVlvv0oLiVAGB7enBSJ2x2DqQFi38=
github.com/google/go-cmp v0.5.9/go.mod h1:17dUlkBOakJ0+DkrSSNjCkIjxS6bF9zb3elmeNGIjoY=
github.com/google/pprof v0.0.0-20210407192527-94a9f03dee38 h1:yAJXTCF9TqKcTiHJAE8dj7HMvPfh66eeA2JYW7eFpSE=
github.com/google/pprof v0.0.0-20210407192527-94a9f03dee38/go.mod h1:kpwsk12EmLew5upagYY7GY0pfYCcupk39gWOCRROcvE=
github.com/ianlancetaylor/demangle v0.0.0-20200824232613-28f6c0f3b639/go.mod h1:aSSvb/t6k1mPoxDqO4vJh6VOCGPwU4O0C2/Eqndh1Sc=
github.com/imroc/biu v0.0.0-20170329141542-0376ce6761c0 h1:pkyNAS9IQiZgseFrdhZC4cloBo2k2O2Son/k+3NquwY=
github.com/imroc/biu v0.0.0-20170329141542-0376ce6761c0/go.mod h1:wscexmyH+oDXfQr1q8PAZUXfKnxCUcNm62D/M5Ec8Lw=
github.com/magiconair/properties v1.8.7 h1:IeQXZAiQcpL9mgcAe1Nu6cX9LLw6ExEHKjN0VQdvPDY=
github.com/magiconair/properties v1.8.7/go.mod h1:Dhd985XPs7jluiymwWYZ0G4Z61jb3vdS329zhj2hYo0=
github.com/metacubex/gvisor v0.0.0-20231209122014-3e43224c7bbc h1:+yTZ6q2EeQCAJNpKNEu5j32Pm23ShD38ElIa635wTrk=
github.com/metacubex/gvisor v0.0.0-20231209122014-3e43224c7bbc/go.mod h1:rhBU9tD5ktoGPBtXUquhWuGJ4u+8ZZzBMi2cAdv9q8Y=
github.com/metacubex/quic-go v0.41.1-0.20240307164142-46c6f7cdf2d1 h1:63zKmEWU4MB5MjUSCmeDhm3OzilF7ypXWPq0gAA2GE8=
github.com/metacubex/quic-go v0.41.1-0.20240307164142-46c6f7cdf2d1/go.mod h1:F/t8VnA47xoia8ABlNA4InkZjssvFJ5p6E6jKdbkgAs=
github.com/metacubex/sing-quic v0.0.0-20240310154810-47bca850fc01 h1:5INHs85Gp1JZsdF7fQp1pXUjfJOX2dhwZjuUQWJVSt8=
github.com/metacubex/sing-quic v0.0.0-20240310154810-47bca850fc01/go.mod h1:WyY0zYxv+o+18R/Ece+QFontlgXoobKbNqbtYn2zjz8=
github.com/metacubex/sing-tun v0.2.0 h1:CrWgFI58umlbrYa8RSygAMQ37dESpIX0z/Ruj6+2dZY=
github.com/metacubex/sing-tun v0.2.0/go.mod h1:P+TjrGTG5AdQRaskP6NiI9gZmgnwR3o5ze9CkIQE+/s=
github.com/miekg/dns v1.1.59 h1:C9EXc/UToRwKLhK5wKU/I4QVsBUc8kE6MkHBkeypWZs=
github.com/miekg/dns v1.1.59/go.mod h1:nZpewl5p6IvctfgrckopVx2OlSEHPRO/U4SYkRklrEk=
github.com/onsi/ginkgo/v2 v2.9.5 h1:+6Hr4uxzP4XIUyAkg61dWBw8lb/gc4/X5luuxN/EC+Q=
github.com/onsi/ginkgo/v2 v2.9.5/go.mod h1:tvAoo1QUJwNEU2ITftXTpR7R1RbCzoZUOs3RonqW57k=
github.com/onsi/gomega v1.27.6 h1:ENqfyGeS5AX/rlXDd/ETokDz93u0YufY1Pgxuy/PvWE=
github.com/onsi/gomega v1.27.6/go.mod h1:PIQNjfQwkP3aQAH7lf7j87O/5FiNr+ZR8+ipb+qQlhg=
github.com/pmezard/go-difflib v1.0.0 h1:4DBwDE0NGyQoBHbLQYPwSUPoCMWR5BEzIk/f1lZbAQM=
github.com/pmezard/go-difflib v1.0.0/go.mod h1:iKH77koFhYxTK1pcRnkKkqfTogsbg7gZNVY4sRDYZ/4=
github.com/quic-go/qpack v0.4.0 h1:Cr9BXA1sQS2SmDUWjSofMPNKmvF6IiIfDRmgU0w1ZCo=
github.com/quic-go/qpack v0.4.0/go.mod h1:UZVnYIfi5GRk+zI9UMaCPsmZ2xKJP7XBUvVyT1Knj9A=
github.com/quic-go/qtls-go1-20 v0.4.1 h1:D33340mCNDAIKBqXuAvexTNMUByrYmFYVfKfDN5nfFs=
github.com/quic-go/qtls-go1-20 v0.4.1/go.mod h1:X9Nh97ZL80Z+bX/gUXMbipO6OxdiDi58b/fMC9mAL+k=
github.com/sagernet/netlink v0.0.0-20220905062125-8043b4a9aa97 h1:iL5gZI3uFp0X6EslacyapiRz7LLSJyr4RajF/BhMVyE=
github.com/sagernet/netlink v0.0.0-20220905062125-8043b4a9aa97/go.mod h1:xLnfdiJbSp8rNqYEdIW/6eDO4mVoogml14Bh2hSiFpM=
github.com/sagernet/sing v0.3.0 h1:PIDVFZHnQAAYRL1UYqNM+0k5s8f/tb1lUW6UDcQiOc8=
github.com/sagernet/sing v0.3.0/go.mod h1:9pfuAH6mZfgnz/YjP6xu5sxx882rfyjpcrTdUpd6w3g=
github.com/scjalliance/comshim v0.0.0-20230315213746-5e51f40bd3b9 h1:rc/CcqLH3lh8n+csdOuDfP+NuykE0U6AeYSJJHKDgSg=
github.com/scjalliance/comshim v0.0.0-20230315213746-5e51f40bd3b9/go.mod h1:a/83NAfUXvEuLpmxDssAXxgUgrEy12MId3Wd7OTs76s=
github.com/sirupsen/logrus v1.9.3 h1:dueUQJ1C2q9oE3F7wvmSGAaVtTmUizReu6fjN8uqzbQ=
github.com/sirupsen/logrus v1.9.3/go.mod h1:naHLuLoDiP4jHNo9R0sCBMtWGeIprob74mVsIT4qYEQ=
github.com/stretchr/objx v0.1.0/go.mod h1:HFkY916IF+rwdDfMAkV7OtwuqBVzrE8GR6GFx+wExME=
github.com/stretchr/testify v1.6.1/go.mod h1:6Fq8oRcR53rry900zMqJjRRixrwX3KX962/h/Wwjteg=
github.com/stretchr/testify v1.7.0/go.mod h1:6Fq8oRcR53rry900zMqJjRRixrwX3KX962/h/Wwjteg=
github.com/stretchr/testify v1.8.4 h1:CcVxjf3Q8PM0mHUKJCdn+eZZtm5yQwehR5yeSVQQcUk=
github.com/stretchr/testify v1.8.4/go.mod h1:sz/lmYIOXD/1dqDmKjjqLyZ2RngseejIcXlSw2iwfAo=
github.com/vishvananda/netns v0.0.0-20211101163701-50045581ed74 h1:gga7acRE695APm9hlsSMoOoE65U4/TcqNj90mc69Rlg=
github.com/vishvananda/netns v0.0.0-20211101163701-50045581ed74/go.mod h1:DD4vA1DwXk04H54A1oHXtwZmA0grkVMdPxx/VGLCah0=
go.uber.org/mock v0.4.0 h1:VcM4ZOtdbR4f6VXfiOpwpVJDL6lCReaZ6mw31wqh7KU=
go.uber.org/mock v0.4.0/go.mod h1:a6FSlNadKUHUa9IP5Vyt1zh4fC7uAwxMutEAscFbkZc=
go4.org/netipx v0.0.0-20231129151722-fdeea329fbba h1:0b9z3AuHCjxk0x/opv64kcgZLBseWJUpBw5I82+2U4M=
go4.org/netipx v0.0.0-20231129151722-fdeea329fbba/go.mod h1:PLyyIXexvUFg3Owu6p/WfdlivPbZJsZdgWZlrGope/Y=
golang.org/x/crypto v0.18.0 h1:PGVlW0xEltQnzFZ55hkuX5+KLyrMYhHld1YHO4AKcdc=
golang.org/x/crypto v0.18.0/go.mod h1:R0j02AL6hcrfOiy9T4ZYp/rcWeMxM3L6QYxlOuEG1mg=
golang.org/x/crypto v0.21.0 h1:X31++rzVUdKhX5sWmSOFZxx8UW/ldWx55cbf08iNAMA=
golang.org/x/crypto v0.21.0/go.mod h1:0BP7YvVV9gBbVKyeTG0Gyn+gZm94bibOW5BjDEYAOMs=
golang.org/x/exp v0.0.0-20230725093048-515e97ebf090 h1:Di6/M8l0O2lCLc6VVRWhgCiApHV8MnQurBnFSHsQtNY=
golang.org/x/exp v0.0.0-20230725093048-515e97ebf090/go.mod h1:FXUEEKJgO7OQYeo8N01OfiKP8RXMtf6e8aTskBGqWdc=
golang.org/x/mod v0.13.0 h1:I/DsJXRlw/8l/0c24sM9yb0T4z9liZTduXvdAWYiysY=
golang.org/x/mod v0.13.0/go.mod h1:hTbmBsO62+eylJbnUtE2MGJUyE7QWk4xUqPFrRgJ+7c=
golang.org/x/mod v0.16.0 h1:QX4fJ0Rr5cPQCF7O9lh9Se4pmwfwskqZfq5moyldzic=
golang.org/x/mod v0.16.0/go.mod h1:hTbmBsO62+eylJbnUtE2MGJUyE7QWk4xUqPFrRgJ+7c=
golang.org/x/net v0.19.0 h1:zTwKpTd2XuCqf8huc7Fo2iSy+4RHPd10s4KzeTnVr1c=
golang.org/x/net v0.19.0/go.mod h1:CfAk/cbD4CthTvqiEl8NpboMuiuOYsAr/7NOjZJtv1U=
golang.org/x/net v0.22.0 h1:9sGLhx7iRIHEiX0oAJ3MRZMUCElJgy7Br1nO+AMN3Tc=
golang.org/x/net v0.22.0/go.mod h1:JKghWKKOSdJwpW2GEx0Ja7fmaKnMsbu+MWVZTokSYmg=
golang.org/x/sys v0.0.0-20191204072324-ce4227a45e2e/go.mod h1:h1NjWce9XRLGQEsW7wpKNCjG9DtNlClVuFLEZdDNbEs=
golang.org/x/sys v0.0.0-20200217220822-9197077df867/go.mod h1:h1NjWce9XRLGQEsW7wpKNCjG9DtNlClVuFLEZdDNbEs=
golang.org/x/sys v0.0.0-20220715151400-c0bba94af5f8/go.mod h1:oPkhp1MJrh7nUepCBck5+mAzfO9JrbApNNgaTdGDITg=
golang.org/x/sys v0.1.0/go.mod h1:oPkhp1MJrh7nUepCBck5+mAzfO9JrbApNNgaTdGDITg=
golang.org/x/sys v0.16.0 h1:xWw16ngr6ZMtmxDyKyIgsE93KNKz5HKmMa3b8ALHidU=
golang.org/x/sys v0.16.0/go.mod h1:/VUhepiaJMQUp4+oa/7Zr1D23ma6VTLIYjOOTFZPUcA=
golang.org/x/sys v0.18.0 h1:DBdB3niSjOA/O0blCZBqDefyWNYveAYMNF1Wum0DYQ4=
golang.org/x/sys v0.18.0/go.mod h1:/VUhepiaJMQUp4+oa/7Zr1D23ma6VTLIYjOOTFZPUcA=
golang.org/x/text v0.14.0 h1:ScX5w1eTa3QqT8oi6+ziP7dTV1S2+ALU0bI+0zXKWiQ=
golang.org/x/text v0.14.0/go.mod h1:18ZOQIKpY8NJVqYksKHtTdi31H5itFRjB5/qKTNYzSU=
golang.org/x/time v0.5.0 h1:o7cqy6amK/52YcAKIPlM3a+Fpj35zvRj2TP+e1xFSfk=
golang.org/x/time v0.5.0/go.mod h1:3BpzKBy/shNhVucY/MWOyx10tF3SFh9QdLuxbVysPQM=
golang.org/x/tools v0.14.0 h1:jvNa2pY0M4r62jkRQ6RwEZZyPcymeL9XZMLBbV7U2nc=
golang.org/x/tools v0.14.0/go.mod h1:uYBEerGOWcJyEORxN+Ek8+TT266gXkNlHdJBwexUsBg=
golang.org/x/tools v0.19.0 h1:tfGCXNR1OsFG+sVdLAitlpjAvD/I6dHDKnYrpEZUHkw=
golang.org/x/tools v0.19.0/go.mod h1:qoJWxmGSIBmAeriMx19ogtrEPrGtDbPK634QFIcLAhc=
google.golang.org/protobuf v1.31.0 h1:g0LDEJHgrBl9N9r17Ru3sqWhkIx2NB67okBHPwC7hs8=
google.golang.org/protobuf v1.31.0/go.mod h1:HV8QOd/L58Z+nl8r43ehVNZIU/HEI6OcFqwMG9pJV4I=
gopkg.in/check.v1 v0.0.0-20161208181325-20d25e280405/go.mod h1:Co6ibVJAznAaIkqp8huTwlJQCZ016jof/cbN4VW5Yz0=
gopkg.in/yaml.v3 v3.0.0-20200313102051-9f266ea9e77c/go.mod h1:K4uyk7z7BCEPqu6E+C64Yfv1cQ7kz7rIZviUmN+EgEM=
gopkg.in/yaml.v3 v3.0.1 h1:fxVm/GzAzEWqLHuvctI91KS9hhNmmWOoWu0XTYJS7CA=
gopkg.in/yaml.v3 v3.0.1/go.mod h1:K4uyk7z7BCEPqu6E+C64Yfv1cQ7kz7rIZviUmN+EgEM=
gotest.tools/v3 v3.5.1 h1:EENdUnS3pdur5nybKYIh2Vfgc8IUNBjxDPSjtiJcOzU=
gotest.tools/v3 v3.5.1/go.mod h1:isy3WKz7GK6uNw/sbHzfKBLvlvXwUyV06n6brMxxopU=
